
Microsoft Visual Studio Solution File, Format Version 12.00
# Visual Studio 15
VisualStudioVersion = 15.0.26730.16
MinimumVisualStudioVersion = 10.0.40219.1
Project("{FAE04EC0-301F-11D3-BF4B-00C04F79EFBC}") = "CallForPapers.Web", "CallForPapers.Web\CallForPapers.Web.csproj", "{306BD724-9D79-49A3-8C05-2FB9D60E3304}"
EndProject
Global
	GlobalSection(SolutionConfigurationPlatforms) = preSolution
		Debug|Any CPU = Debug|Any CPU
		Release|Any CPU = Release|Any CPU
	EndGlobalSection
	GlobalSection(ProjectConfigurationPlatforms) = postSolution
		{306BD724-9D79-49A3-8C05-2FB9D60E3304}.Debug|Any CPU.ActiveCfg = Debug|Any CPU
		{306BD724-9D79-49A3-8C05-2FB9D60E3304}.Debug|Any CPU.Build.0 = Debug|Any CPU
		{306BD724-9D79-49A3-8C05-2FB9D60E3304}.Release|Any CPU.ActiveCfg = Release|Any CPU
		{306BD724-9D79-49A3-8C05-2FB9D60E3304}.Release|Any CPU.Build.0 = Release|Any CPU
	EndGlobalSection
	GlobalSection(SolutionProperties) = preSolution
		HideSolutionNode = FALSE
	EndGlobalSection
	GlobalSection(ExtensibilityGlobals) = postSolution
		SolutionGuid = {F933B655-D69D-4FF9-A696-94670C780AF0}
	EndGlobalSection
EndGlobal
